
Microsoft Visual Studio Solution File, Format Version 12.00
# Visual Studio Version 16
VisualStudioVersion = 16.0.29509.3
MinimumVisualStudioVersion = 10.0.40219.1
Project("{FAE04EC0-301F-11D3-BF4B-00C04F79EFBC}") = "TestRailProgram", "TestRailProgram\TestRailProgram.csproj", "{D17FECDB-D4D3-4484-9EF8-2DF2CC461EB6}"
EndProject
Global
	GlobalSection(SolutionConfigurationPlatforms) = preSolution
		Debug|Any CPU = Debug|Any CPU
		Release|Any CPU = Release|Any CPU
	EndGlobalSection
	GlobalSection(ProjectConfigurationPlatforms) = postSolution
		{D17FECDB-D4D3-4484-9EF8-2DF2CC461EB6}.Debug|Any CPU.ActiveCfg = Debug|Any CPU
		{D17FECDB-D4D3-4484-9EF8-2DF2CC461EB6}.Debug|Any CPU.Build.0 = Debug|Any CPU
		{D17FECDB-D4D3-4484-9EF8-2DF2CC461EB6}.Release|Any CPU.ActiveCfg = Release|Any CPU
		{D17FECDB-D4D3-4484-9EF8-2DF2CC461EB6}.Release|Any CPU.Build.0 = Release|Any CPU
	EndGlobalSection
	GlobalSection(SolutionProperties) = preSolution
		HideSolutionNode = FALSE
	EndGlobalSection
	GlobalSection(ExtensibilityGlobals) = postSolution
		SolutionGuid = {2832C1FC-FF25-41D9-95FB-DBA81BF36EDA}
	EndGlobalSection
EndGlobal
